// !$*UTF8*$!
{
	archiveVersion = 1;
	classes = {
	};
	objectVersion = 50;
	objects = {

/* Begin PBXBuildFile section */
		B894C0B5212B245C00BF7D52 /* AppDelegate.swift in Sources */ = {isa = PBXBuildFile; fileRef = B894C0B4212B245C00BF7D52 /* AppDelegate.swift */; };
		B894C0BA212B245C00BF7D52 /* Main.storyboard in Resources */ = {isa = PBXBuildFile; fileRef = B894C0B8212B245C00BF7D52 /* Main.storyboard */; };
		B894C0BC212B245D00BF7D52 /* Assets.xcassets in Resources */ = {isa = PBXBuildFile; fileRef = B894C0BB212B245D00BF7D52 /* Assets.xcassets */; };
		B894C0BF212B245D00BF7D52 /* LaunchScreen.storyboard in Resources */ = {isa = PBXBuildFile; fileRef = B894C0BD212B245D00BF7D52 /* LaunchScreen.storyboard */; };
		B894C0C7212B26DB00BF7D52 /* NameViewController.swift in Sources */ = {isa = PBXBuildFile; fileRef = B894C0C6212B26DB00BF7D52 /* NameViewController.swift */; };
		B894C0C9212B3A1300BF7D52 /* BlueViewController.swift in Sources */ = {isa = PBXBuildFile; fileRef = B894C0C8212B3A1300BF7D52 /* BlueViewController.swift */; };
		B894C0CB212B3DFB00BF7D52 /* DiscoViewController.swift in Sources */ = {isa = PBXBuildFile; fileRef = B894C0CA212B3DFB00BF7D52 /* DiscoViewController.swift */; };
		B894C0CD212B57DD00BF7D52 /* SignUpViewController.swift in Sources */ = {isa = PBXBuildFile; fileRef = B894C0CC212B57DD00BF7D52 /* SignUpViewController.swift */; };
		B894C0CF212B585000BF7D52 /* WelcomeViewController.swift in Sources */ = {isa = PBXBuildFile; fileRef = B894C0CE212B585000BF7D52 /* WelcomeViewController.swift */; };
/* End PBXBuildFile section */

/* Begin PBXFileReference section */
		B894C0B1212B245C00BF7D52 /* ViewsandStoryBoardsiOS21.app */ = {isa = PBXFileReference; explicitFileType = wrapper.application; includeInIndex = 0; path = ViewsandStoryBoardsiOS21.app; sourceTree = BUILT_PRODUCTS_DIR; };
		B894C0B4212B245C00BF7D52 /* AppDelegate.swift */ = {isa = PBXFileReference; lastKnownFileType = sourcecode.swift; path = AppDelegate.swift; sourceTree = "<group>"; };
		B894C0B9212B245C00BF7D52 /* Base */ = {isa = PBXFileReference; lastKnownFileType = file.storyboard; name = Base; path = Base.lproj/Main.storyboard; sourceTree = "<group>"; };
		B894C0BB212B245D00BF7D52 /* Assets.xcassets */ = {isa = PBXFileReference; lastKnownFileType = folder.assetcatalog; path = Assets.xcassets; sourceTree = "<group>"; };
		B894C0BE212B245D00BF7D52 /* Base */ = {isa = PBXFileReference; lastKnownFileType = file.storyboard; name = Base; path = Base.lproj/LaunchScreen.storyboard; sourceTree = "<group>"; };
		B894C0C0212B245D00BF7D52 /* Info.plist */ = {isa = PBXFileReference; lastKnownFileType = text.plist.xml; path = Info.plist; sourceTree = "<group>"; };
		B894C0C6212B26DB00BF7D52 /* NameViewController.swift */ = {isa = PBXFileReference; lastKnownFileType = sourcecode.swift; path = NameViewController.swift; sourceTree = "<group>"; };
		B894C0C8212B3A1300BF7D52 /* BlueViewController.swift */ = {isa = PBXFileReference; lastKnownFileType = sourcecode.swift; path = BlueViewController.swift; sourceTree = "<group>"; };
		B894C0CA212B3DFB00BF7D52 /* DiscoViewController.swift */ = {isa = PBXFileReference; lastKnownFileType = sourcecode.swift; path = DiscoViewController.swift; sourceTree = "<group>"; };
		B894C0CC212B57DD00BF7D52 /* SignUpViewController.swift */ = {isa = PBXFileReference; lastKnownFileType = sourcecode.swift; path = SignUpViewController.swift; sourceTree = "<group>"; };
		B894C0CE212B585000BF7D52 /* WelcomeViewController.swift */ = {isa = PBXFileReference; lastKnownFileType = sourcecode.swift; path = WelcomeViewController.swift; sourceTree = "<group>"; };
/* End PBXFileReference section */

/* Begin PBXFrameworksBuildPhase section */
		B894C0AE212B245C00BF7D52 /* Frameworks */ = {
			isa = PBXFrameworksBuildPhase;
			buildActionMask = 2147483647;
			files = (
			);
			runOnlyForDeploymentPostprocessing = 0;
		};
/* End PBXFrameworksBuildPhase section */

/* Begin PBXGroup section */
		B894C0A8212B245C00BF7D52 = {
			isa = PBXGroup;
			children = (
				B894C0B3212B245C00BF7D52 /* ViewsandStoryBoardsiOS21 */,
				B894C0B2212B245C00BF7D52 /* Products */,
			);
			sourceTree = "<group>";
		};
		B894C0B2212B245C00BF7D52 /* Products */ = {
			isa = PBXGroup;
			children = (
				B894C0B1212B245C00BF7D52 /* ViewsandStoryBoardsiOS21.app */,
			);
			name = Products;
			sourceTree = "<group>";
		};
		B894C0B3212B245C00BF7D52 /* ViewsandStoryBoardsiOS21 */ = {
			isa = PBXGroup;
			children = (
				B894C0B4212B245C00BF7D52 /* AppDelegate.swift */,
				B894C0B8212B245C00BF7D52 /* Main.storyboard */,
				B894C0CC212B57DD00BF7D52 /* SignUpViewController.swift */,
				B894C0CE212B585000BF7D52 /* WelcomeViewController.swift */,
				B894C0CA212B3DFB00BF7D52 /* DiscoViewController.swift */,
				B894C0C8212B3A1300BF7D52 /* BlueViewController.swift */,
				B894C0C6212B26DB00BF7D52 /* NameViewController.swift */,
				B894C0BB212B245D00BF7D52 /* Assets.xcassets */,
				B894C0BD212B245D00BF7D52 /* LaunchScreen.storyboard */,
				B894C0C0212B245D00BF7D52 /* Info.plist */,
			);
			path = ViewsandStoryBoardsiOS21;
			sourceTree = "<group>";
		};
/* End PBXGroup section */

/* Begin PBXNativeTarget section */
		B894C0B0212B245C00BF7D52 /* ViewsandStoryBoardsiOS21 */ = {
			isa = PBXNativeTarget;
			buildConfigurationList = B894C0C3212B245D00BF7D52 /* Build configuration list for PBXNativeTarget "ViewsandStoryBoardsiOS21" */;
			buildPhases = (
				B894C0AD212B245C00BF7D52 /* Sources */,
				B894C0AE212B245C00BF7D52 /* Frameworks */,
				B894C0AF212B245C00BF7D52 /* Resources */,
			);
			buildRules = (
			);
			dependencies = (
			);
			name = ViewsandStoryBoardsiOS21;
			productName = ViewsandStoryBoardsiOS21;
			productReference = B894C0B1212B245C00BF7D52 /* ViewsandStoryBoardsiOS21.app */;
			productType = "com.apple.product-type.application";
		};
/* End PBXNativeTarget section */

/* Begin PBXProject section */
		B894C0A9212B245C00BF7D52 /* Project object */ = {
			isa = PBXProject;
			attributes = {
				LastSwiftUpdateCheck = 0940;
				LastUpgradeCheck = 0940;
				ORGANIZATIONNAME = BULB.;
				TargetAttributes = {
					B894C0B0212B245C00BF7D52 = {
						CreatedOnToolsVersion = 9.4.1;
					};
				};
			};
			buildConfigurationList = B894C0AC212B245C00BF7D52 /* Build configuration list for PBXProject "ViewsandStoryBoardsiOS21" */;
			compatibilityVersion = "Xcode 9.3";
			developmentRegion = en;
			hasScannedForEncodings = 0;
			knownRegions = (
				en,
				Base,
			);
			mainGroup = B894C0A8212B245C00BF7D52;
			productRefGroup = B894C0B2212B245C00BF7D52 /* Products */;
			projectDirPath = "";
			projectRoot = "";
			targets = (
				B894C0B0212B245C00BF7D52 /* ViewsandStoryBoardsiOS21 */,
			);
		};
/* End PBXProject section */

/* Begin PBXResourcesBuildPhase section */
		B894C0AF212B245C00BF7D52 /* Resources */ = {
			isa = PBXResourcesBuildPhase;
			buildActionMask = 2147483647;
			files = (
				B894C0BF212B245D00BF7D52 /* LaunchScreen.storyboard in Resources */,
				B894C0BC212B245D00BF7D52 /* Assets.xcassets in Resources */,
				B894C0BA212B245C00BF7D52 /* Main.storyboard in Resources */,
			);
			runOnlyForDeploymentPostprocessing = 0;
		};
/* End PBXResourcesBuildPhase section */

/* Begin PBXSourcesBuildPhase section */
		B894C0AD212B245C00BF7D52 /* Sources */ = {
			isa = PBXSourcesBuildPhase;
			buildActionMask = 2147483647;
			files = (
				B894C0B5212B245C00BF7D52 /* AppDelegate.swift in Sources */,
				B894C0CB212B3DFB00BF7D52 /* DiscoViewController.swift in Sources */,
				B894C0C9212B3A1300BF7D52 /* BlueViewController.swift in Sources */,
				B894C0CF212B585000BF7D52 /* WelcomeViewController.swift in Sources */,
				B894C0C7212B26DB00BF7D52 /* NameViewController.swift in Sources */,
				B894C0CD212B57DD00BF7D52 /* SignUpViewController.swift in Sources */,
			);
			runOnlyForDeploymentPostprocessing = 0;
		};
/* End PBXSourcesBuildPhase section */

/* Begin PBXVariantGroup section */
		B894C0B8212B245C00BF7D52 /* Main.storyboard */ = {
			isa = PBXVariantGroup;
			children = (
				B894C0B9212B245C00BF7D52 /* Base */,
			);
			name = Main.storyboard;
			sourceTree = "<group>";
		};
		B894C0BD212B245D00BF7D52 /* LaunchScreen.storyboard */ = {
			isa = PBXVariantGroup;
			children = (
				B894C0BE212B245D00BF7D52 /* Base */,
			);
			name = LaunchScreen.storyboard;
			sourceTree = "<group>";
		};
/* End PBXVariantGroup section */

/* Begin XCBuildConfiguration section */
		B894C0C1212B245D00BF7D52 /* Debug */ = {
			isa = XCBuildConfiguration;
			buildSettings = {
				ALWAYS_SEARCH_USER_PATHS = NO;
				CLANG_ANALYZER_NONNULL = YES;
				CLANG_ANALYZER_NUMBER_OBJECT_CONVERSION = YES_AGGRESSIVE;
				CLANG_CXX_LANGUAGE_STANDARD = "gnu++14";
				CLANG_CXX_LIBRARY = "libc++";
				CLANG_ENABLE_MODULES = YES;
				CLANG_ENABLE_OBJC_ARC = YES;
				CLANG_ENABLE_OBJC_WEAK = YES;
				CLANG_WARN_BLOCK_CAPTURE_AUTORELEASING = YES;
				CLANG_WARN_BOOL_CONVERSION = YES;
				CLANG_WARN_COMMA = YES;
				CLANG_WARN_CONSTANT_CONVERSION = YES;
				CLANG_WARN_DEPRECATED_OBJC_IMPLEMENTATIONS = YES;
				CLANG_WARN_DIRECT_OBJC_ISA_USAGE = YES_ERROR;
				CLANG_WARN_DOCUMENTATION_COMMENTS = YES;
				CLANG_WARN_EMPTY_BODY = YES;
				CLANG_WARN_ENUM_CONVERSION = YES;
				CLANG_WARN_INFINITE_RECURSION = YES;
				CLANG_WARN_INT_CONVERSION = YES;
				CLANG_WARN_NON_LITERAL_NULL_CONVERSION = YES;
				CLANG_WARN_OBJC_IMPLICIT_RETAIN_SELF = YES;
				CLANG_WARN_OBJC_LITERAL_CONVERSION = YES;
				CLANG_WARN_OBJC_ROOT_CLASS = YES_ERROR;
				CLANG_WARN_RANGE_LOOP_ANALYSIS = YES;
				CLANG_WARN_STRICT_PROTOTYPES = YES;
				CLANG_WARN_SUSPICIOUS_MOVE = YES;
				CLANG_WARN_UNGUARDED_AVAILABILITY = YES_AGGRESSIVE;
				CLANG_WARN_UNREACHABLE_CODE = YES;
				CLANG_WARN__DUPLICATE_METHOD_MATCH = YES;
				CODE_SIGN_IDENTITY = "iPhone Developer";
				COPY_PHASE_STRIP = NO;
				DEBUG_INFORMATION_FORMAT = dwarf;
				ENABLE_STRICT_OBJC_MSGSEND = YES;
				ENABLE_TESTABILITY = YES;
				GCC_C_LANGUAGE_STANDARD = gnu11;
				GCC_DYNAMIC_NO_PIC = NO;
				GCC_NO_COMMON_BLOCKS = YES;
				GCC_OPTIMIZATION_LEVEL = 0;
				GCC_PREPROCESSOR_DEFINITIONS = (
					"DEBUG=1",
					"$(inherited)",
				);
				GCC_WARN_64_TO_32_BIT_CONVERSION = YES;
				GCC_WARN_ABOUT_RETURN_TYPE = YES_ERROR;
				GCC_WARN_UNDECLARED_SELECTOR = YES;
				GCC_WARN_UNINITIALIZED_AUTOS = YES_AGGRESSIVE;
				GCC_WARN_UNUSED_FUNCTION = YES;
				GCC_WARN_UNUSED_VARIABLE = YES;
				IPHONEOS_DEPLOYMENT_TARGET = 11.4;
				MTL_ENABLE_DEBUG_INFO = YES;
				ONLY_ACTIVE_ARCH = YES;
				SDKROOT = iphoneos;
				SWIFT_ACTIVE_COMPILATION_CONDITIONS = DEBUG;
				SWIFT_OPTIMIZATION_LEVEL = "-Onone";
			};
			name = Debug;
		};
		B894C0C2212B245D00BF7D52 /* Release */ = {
			isa = XCBuildConfiguration;
			buildSettings = {
				ALWAYS_SEARCH_USER_PATHS = NO;
				CLANG_ANALYZER_NONNULL = YES;
				CLANG_ANALYZER_NUMBER_OBJECT_CONVERSION = YES_AGGRESSIVE;
				CLANG_CXX_LANGUAGE_STANDARD = "gnu++14";
				CLANG_CXX_LIBRARY = "libc++";
				CLANG_ENABLE_MODULES = YES;
				CLANG_ENABLE_OBJC_ARC = YES;
				CLANG_ENABLE_OBJC_WEAK = YES;
				CLANG_WARN_BLOCK_CAPTURE_AUTORELEASING = YES;
				CLANG_WARN_BOOL_CONVERSION = YES;
				CLANG_WARN_COMMA = YES;
				CLANG_WARN_CONSTANT_CONVERSION = YES;
				CLANG_WARN_DEPRECATED_OBJC_IMPLEMENTATIONS = YES;
				CLANG_WARN_DIRECT_OBJC_ISA_USAGE = YES_ERROR;
				CLANG_WARN_DOCUMENTATION_COMMENTS = YES;
				CLANG_WARN_EMPTY_BODY = YES;
				CLANG_WARN_ENUM_CONVERSION = YES;
				CLANG_WARN_INFINITE_RECURSION = YES;
				CLANG_WARN_INT_CONVERSION = YES;
				CLANG_WARN_NON_LITERAL_NULL_CONVERSION = YES;
				CLANG_WARN_OBJC_IMPLICIT_RETAIN_SELF = YES;
				CLANG_WARN_OBJC_LITERAL_CONVERSION = YES;
				CLANG_WARN_OBJC_ROOT_CLASS = YES_ERROR;
				CLANG_WARN_RANGE_LOOP_ANALYSIS = YES;
				CLANG_WARN_STRICT_PROTOTYPES = YES;
				CLANG_WARN_SUSPICIOUS_MOVE = YES;
				CLANG_WARN_UNGUARDED_AVAILABILITY = YES_AGGRESSIVE;
				CLANG_WARN_UNREACHABLE_CODE = YES;
				CLANG_WARN__DUPLICATE_METHOD_MATCH = YES;
				CODE_SIGN_IDENTITY = "iPhone Developer";
				COPY_PHASE_STRIP = NO;
				DEBUG_INFORMATION_FORMAT = "dwarf-with-dsym";
				ENABLE_NS_ASSERTIONS = NO;
				ENABLE_STRICT_OBJC_MSGSEND = YES;
				GCC_C_LANGUAGE_STANDARD = gnu11;
				GCC_NO_COMMON_BLOCKS = YES;
				GCC_WARN_64_TO_32_BIT_CONVERSION = YES;
				GCC_WARN_ABOUT_RETURN_TYPE = YES_ERROR;
				GCC_WARN_UNDECLARED_SELECTOR = YES;
				GCC_WARN_UNINITIALIZED_AUTOS = YES_AGGRESSIVE;
				GCC_WARN_UNUSED_FUNCTION = YES;
				GCC_WARN_UNUSED_VARIABLE = YES;
				IPHONEOS_DEPLOYMENT_TARGET = 11.4;
				MTL_ENABLE_DEBUG_INFO = NO;
				SDKROOT = iphoneos;
				SWIFT_COMPILATION_MODE = wholemodule;
				SWIFT_OPTIMIZATION_LEVEL = "-O";
				VALIDATE_PRODUCT = YES;
			};
			name = Release;
		};
		B894C0C4212B245D00BF7D52 /* Debug */ = {
			isa = XCBuildConfiguration;
			buildSettings = {
				ASSETCATALOG_COMPILER_APPICON_NAME = AppIcon;
				CODE_SIGN_STYLE = Automatic;
				DEVELOPMENT_TEAM = 4C42U55752;
				INFOPLIST_FILE = ViewsandStoryBoardsiOS21/Info.plist;
				LD_RUNPATH_SEARCH_PATHS = (
					"$(inherited)",
					"@executable_path/Frameworks",
				);
				PRODUCT_BUNDLE_IDENTIFIER = com.HelloWorld.ViewsandStoryBoardsiOS21;
				PRODUCT_NAME = "$(TARGET_NAME)";
				SWIFT_VERSION = 4.0;
				TARGETED_DEVICE_FAMILY = "1,2";
			};
			name = Debug;
		};
		B894C0C5212B245D00BF7D52 /* Release */ = {
			isa = XCBuildConfiguration;
			buildSettings = {
				ASSETCATALOG_COMPILER_APPICON_NAME = AppIcon;
				CODE_SIGN_STYLE = Automatic;
				DEVELOPMENT_TEAM = 4C42U55752;
				INFOPLIST_FILE = ViewsandStoryBoardsiOS21/Info.plist;
				LD_RUNPATH_SEARCH_PATHS = (
					"$(inherited)",
					"@executable_path/Frameworks",
				);
				PRODUCT_BUNDLE_IDENTIFIER = com.HelloWorld.ViewsandStoryBoardsiOS21;
				PRODUCT_NAME = "$(TARGET_NAME)";
				SWIFT_VERSION = 4.0;
				TARGETED_DEVICE_FAMILY = "1,2";
			};
			name = Release;
		};
/* End XCBuildConfiguration section */

/* Begin XCConfigurationList section */
		B894C0AC212B245C00BF7D52 /* Build configuration list for PBXProject "ViewsandStoryBoardsiOS21" */ = {
			isa = XCConfigurationList;
			buildConfigurations = (
				B894C0C1212B245D00BF7D52 /* Debug */,
				B894C0C2212B245D00BF7D52 /* Release */,
			);
			defaultConfigurationIsVisible = 0;
			defaultConfigurationName = Release;
		};
		B894C0C3212B245D00BF7D52 /* Build configuration list for PBXNativeTarget "ViewsandStoryBoardsiOS21" */ = {
			isa = XCConfigurationList;
			buildConfigurations = (
				B894C0C4212B245D00BF7D52 /* Debug */,
				B894C0C5212B245D00BF7D52 /* Release */,
			);
			defaultConfigurationIsVisible = 0;
			defaultConfigurationName = Release;
		};
/* End XCConfigurationList section */
	};
	rootObject = B894C0A9212B245C00BF7D52 /* Project object */;
}
